
Microsoft Visual Studio Solution File, Format Version 12.00
# Visual Studio Version 16
VisualStudioVersion = 16.0.31624.102
MinimumVisualStudioVersion = 10.0.40219.1
Project("{FAE04EC0-301F-11D3-BF4B-00C04F79EFBC}") = "AutoCare", "E:\AutoCare\AutoCare\AutoCare.csproj", "{AD6700D5-A8BB-49BC-B417-CAF2CCD60552}"
EndProject
Global
	GlobalSection(SolutionConfigurationPlatforms) = preSolution
		Debug|Any CPU = Debug|Any CPU
		Release|Any CPU = Release|Any CPU
	EndGlobalSection
	GlobalSection(ProjectConfigurationPlatforms) = postSolution
		{AD6700D5-A8BB-49BC-B417-CAF2CCD60552}.Debug|Any CPU.ActiveCfg = Debug|Any CPU
		{AD6700D5-A8BB-49BC-B417-CAF2CCD60552}.Debug|Any CPU.Build.0 = Debug|Any CPU
		{AD6700D5-A8BB-49BC-B417-CAF2CCD60552}.Release|Any CPU.ActiveCfg = Release|Any CPU
		{AD6700D5-A8BB-49BC-B417-CAF2CCD60552}.Release|Any CPU.Build.0 = Release|Any CPU
	EndGlobalSection
	GlobalSection(SolutionProperties) = preSolution
		HideSolutionNode = FALSE
	EndGlobalSection
	GlobalSection(ExtensibilityGlobals) = postSolution
		SolutionGuid = {7F327992-8C5C-409A-B9CC-F85112E41DA5}
	EndGlobalSection
EndGlobal
