
Microsoft Visual Studio Solution File, Format Version 12.00
# Visual Studio Version 16
VisualStudioVersion = 16.0.31515.178
MinimumVisualStudioVersion = 10.0.40219.1
Project("{9A19103F-16F7-4668-BE54-9A1E7A4F7556}") = "AutoCare", "AutoCare.csproj", "{FA7ADF82-8021-4E02-B3F2-9CC10822B0DA}"
EndProject
Global
	GlobalSection(SolutionConfigurationPlatforms) = preSolution
		Debug|Any CPU = Debug|Any CPU
		Release|Any CPU = Release|Any CPU
	EndGlobalSection
	GlobalSection(ProjectConfigurationPlatforms) = postSolution
		{FA7ADF82-8021-4E02-B3F2-9CC10822B0DA}.Debug|Any CPU.ActiveCfg = Debug|Any CPU
		{FA7ADF82-8021-4E02-B3F2-9CC10822B0DA}.Debug|Any CPU.Build.0 = Debug|Any CPU
		{FA7ADF82-8021-4E02-B3F2-9CC10822B0DA}.Release|Any CPU.ActiveCfg = Release|Any CPU
		{FA7ADF82-8021-4E02-B3F2-9CC10822B0DA}.Release|Any CPU.Build.0 = Release|Any CPU
	EndGlobalSection
	GlobalSection(SolutionProperties) = preSolution
		HideSolutionNode = FALSE
	EndGlobalSection
	GlobalSection(ExtensibilityGlobals) = postSolution
		SolutionGuid = {C2F15BA6-6270-4BC0-A4F8-4CB1D4B1186F}
	EndGlobalSection
EndGlobal
